// !$*UTF8*$!
{
	archiveVersion = 1;
	classes = {
	};
	objectVersion = 56;
	objects = {

/* Begin PBXBuildFile section */
		8E8A85832A3DEA3800CFA204 /* AppDelegate.swift in Sources */ = {isa = PBXBuildFile; fileRef = 8E8A85822A3DEA3800CFA204 /* AppDelegate.swift */; };
		8E8A85852A3DEA3800CFA204 /* SceneDelegate.swift in Sources */ = {isa = PBXBuildFile; fileRef = 8E8A85842A3DEA3800CFA204 /* SceneDelegate.swift */; };
		8E8A85872A3DEA3800CFA204 /* ViewController.swift in Sources */ = {isa = PBXBuildFile; fileRef = 8E8A85862A3DEA3800CFA204 /* ViewController.swift */; };
		8E8A858A2A3DEA3800CFA204 /* Main.storyboard in Resources */ = {isa = PBXBuildFile; fileRef = 8E8A85882A3DEA3800CFA204 /* Main.storyboard */; };
		8E8A858C2A3DEA3A00CFA204 /* Assets.xcassets in Resources */ = {isa = PBXBuildFile; fileRef = 8E8A858B2A3DEA3A00CFA204 /* Assets.xcassets */; };
		8E8A858F2A3DEA3A00CFA204 /* LaunchScreen.storyboard in Resources */ = {isa = PBXBuildFile; fileRef = 8E8A858D2A3DEA3A00CFA204 /* LaunchScreen.storyboard */; };
		8E8A859D2A3DECC900CFA204 /* UserNotifications.framework in Frameworks */ = {isa = PBXBuildFile; fileRef = 8E8A859C2A3DECC900CFA204 /* UserNotifications.framework */; };
		8E8A859F2A3DECC900CFA204 /* UserNotificationsUI.framework in Frameworks */ = {isa = PBXBuildFile; fileRef = 8E8A859E2A3DECC900CFA204 /* UserNotificationsUI.framework */; };
		8E8A85A22A3DECC900CFA204 /* NotificationViewController.swift in Sources */ = {isa = PBXBuildFile; fileRef = 8E8A85A12A3DECC900CFA204 /* NotificationViewController.swift */; };
		8E8A85A52A3DECC900CFA204 /* MainInterface.storyboard in Resources */ = {isa = PBXBuildFile; fileRef = 8E8A85A32A3DECC900CFA204 /* MainInterface.storyboard */; };
		8E8A85A92A3DECC900CFA204 /* NotificationContentAppExtension.appex in Embed Foundation Extensions */ = {isa = PBXBuildFile; fileRef = 8E8A859A2A3DECC900CFA204 /* NotificationContentAppExtension.appex */; settings = {ATTRIBUTES = (RemoveHeadersOnCopy, ); }; };
/* End PBXBuildFile section */

/* Begin PBXContainerItemProxy section */
		8E8A85A72A3DECC900CFA204 /* PBXContainerItemProxy */ = {
			isa = PBXContainerItemProxy;
			containerPortal = 8E8A85772A3DEA3800CFA204 /* Project object */;
			proxyType = 1;
			remoteGlobalIDString = 8E8A85992A3DECC900CFA204;
			remoteInfo = NotificationContentAppExtension;
		};
/* End PBXContainerItemProxy section */

/* Begin PBXCopyFilesBuildPhase section */
		8E8A85AD2A3DECC900CFA204 /* Embed Foundation Extensions */ = {
			isa = PBXCopyFilesBuildPhase;
			buildActionMask = 2147483647;
			dstPath = "";
			dstSubfolderSpec = 13;
			files = (
				8E8A85A92A3DECC900CFA204 /* NotificationContentAppExtension.appex in Embed Foundation Extensions */,
			);
			name = "Embed Foundation Extensions";
			runOnlyForDeploymentPostprocessing = 0;
		};
/* End PBXCopyFilesBuildPhase section */

/* Begin PBXFileReference section */
		8E8A857F2A3DEA3800CFA204 /* NotificationOptions.app */ = {isa = PBXFileReference; explicitFileType = wrapper.application; includeInIndex = 0; path = NotificationOptions.app; sourceTree = BUILT_PRODUCTS_DIR; };
		8E8A85822A3DEA3800CFA204 /* AppDelegate.swift */ = {isa = PBXFileReference; lastKnownFileType = sourcecode.swift; path = AppDelegate.swift; sourceTree = "<group>"; };
		8E8A85842A3DEA3800CFA204 /* SceneDelegate.swift */ = {isa = PBXFileReference; lastKnownFileType = sourcecode.swift; path = SceneDelegate.swift; sourceTree = "<group>"; };
		8E8A85862A3DEA3800CFA204 /* ViewController.swift */ = {isa = PBXFileReference; lastKnownFileType = sourcecode.swift; path = ViewController.swift; sourceTree = "<group>"; };
		8E8A85892A3DEA3800CFA204 /* Base */ = {isa = PBXFileReference; lastKnownFileType = file.storyboard; name = Base; path = Base.lproj/Main.storyboard; sourceTree = "<group>"; };
		8E8A858B2A3DEA3A00CFA204 /* Assets.xcassets */ = {isa = PBXFileReference; lastKnownFileType = folder.assetcatalog; path = Assets.xcassets; sourceTree = "<group>"; };
		8E8A858E2A3DEA3A00CFA204 /* Base */ = {isa = PBXFileReference; lastKnownFileType = file.storyboard; name = Base; path = Base.lproj/LaunchScreen.storyboard; sourceTree = "<group>"; };
		8E8A85902A3DEA3A00CFA204 /* Info.plist */ = {isa = PBXFileReference; lastKnownFileType = text.plist.xml; path = Info.plist; sourceTree = "<group>"; };
		8E8A859A2A3DECC900CFA204 /* NotificationContentAppExtension.appex */ = {isa = PBXFileReference; explicitFileType = "wrapper.app-extension"; includeInIndex = 0; path = NotificationContentAppExtension.appex; sourceTree = BUILT_PRODUCTS_DIR; };
		8E8A859C2A3DECC900CFA204 /* UserNotifications.framework */ = {isa = PBXFileReference; lastKnownFileType = wrapper.framework; name = UserNotifications.framework; path = System/Library/Frameworks/UserNotifications.framework; sourceTree = SDKROOT; };
		8E8A859E2A3DECC900CFA204 /* UserNotificationsUI.framework */ = {isa = PBXFileReference; lastKnownFileType = wrapper.framework; name = UserNotificationsUI.framework; path = System/Library/Frameworks/UserNotificationsUI.framework; sourceTree = SDKROOT; };
		8E8A85A12A3DECC900CFA204 /* NotificationViewController.swift */ = {isa = PBXFileReference; lastKnownFileType = sourcecode.swift; path = NotificationViewController.swift; sourceTree = "<group>"; };
		8E8A85A42A3DECC900CFA204 /* Base */ = {isa = PBXFileReference; lastKnownFileType = file.storyboard; name = Base; path = Base.lproj/MainInterface.storyboard; sourceTree = "<group>"; };
		8E8A85A62A3DECC900CFA204 /* Info.plist */ = {isa = PBXFileReference; lastKnownFileType = text.plist.xml; path = Info.plist; sourceTree = "<group>"; };
/* End PBXFileReference section */

/* Begin PBXFrameworksBuildPhase section */
		8E8A857C2A3DEA3800CFA204 /* Frameworks */ = {
			isa = PBXFrameworksBuildPhase;
			buildActionMask = 2147483647;
			files = (
			);
			runOnlyForDeploymentPostprocessing = 0;
		};
		8E8A85972A3DECC900CFA204 /* Frameworks */ = {
			isa = PBXFrameworksBuildPhase;
			buildActionMask = 2147483647;
			files = (
				8E8A859F2A3DECC900CFA204 /* UserNotificationsUI.framework in Frameworks */,
				8E8A859D2A3DECC900CFA204 /* UserNotifications.framework in Frameworks */,
			);
			runOnlyForDeploymentPostprocessing = 0;
		};
/* End PBXFrameworksBuildPhase section */

/* Begin PBXGroup section */
		8E8A85762A3DEA3800CFA204 = {
			isa = PBXGroup;
			children = (
				8E8A85812A3DEA3800CFA204 /* NotificationOptions */,
				8E8A85A02A3DECC900CFA204 /* NotificationContentAppExtension */,
				8E8A859B2A3DECC900CFA204 /* Frameworks */,
				8E8A85802A3DEA3800CFA204 /* Products */,
			);
			sourceTree = "<group>";
		};
		8E8A85802A3DEA3800CFA204 /* Products */ = {
			isa = PBXGroup;
			children = (
				8E8A857F2A3DEA3800CFA204 /* NotificationOptions.app */,
				8E8A859A2A3DECC900CFA204 /* NotificationContentAppExtension.appex */,
			);
			name = Products;
			sourceTree = "<group>";
		};
		8E8A85812A3DEA3800CFA204 /* NotificationOptions */ = {
			isa = PBXGroup;
			children = (
				8E8A85822A3DEA3800CFA204 /* AppDelegate.swift */,
				8E8A85842A3DEA3800CFA204 /* SceneDelegate.swift */,
				8E8A85862A3DEA3800CFA204 /* ViewController.swift */,
				8E8A85882A3DEA3800CFA204 /* Main.storyboard */,
				8E8A858B2A3DEA3A00CFA204 /* Assets.xcassets */,
				8E8A858D2A3DEA3A00CFA204 /* LaunchScreen.storyboard */,
				8E8A85902A3DEA3A00CFA204 /* Info.plist */,
			);
			path = NotificationOptions;
			sourceTree = "<group>";
		};
		8E8A859B2A3DECC900CFA204 /* Frameworks */ = {
			isa = PBXGroup;
			children = (
				8E8A859C2A3DECC900CFA204 /* UserNotifications.framework */,
				8E8A859E2A3DECC900CFA204 /* UserNotificationsUI.framework */,
			);
			name = Frameworks;
			sourceTree = "<group>";
		};
		8E8A85A02A3DECC900CFA204 /* NotificationContentAppExtension */ = {
			isa = PBXGroup;
			children = (
				8E8A85A12A3DECC900CFA204 /* NotificationViewController.swift */,
				8E8A85A32A3DECC900CFA204 /* MainInterface.storyboard */,
				8E8A85A62A3DECC900CFA204 /* Info.plist */,
			);
			path = NotificationContentAppExtension;
			sourceTree = "<group>";
		};
/* End PBXGroup section */

/* Begin PBXNativeTarget section */
		8E8A857E2A3DEA3800CFA204 /* NotificationOptions */ = {
			isa = PBXNativeTarget;
			buildConfigurationList = 8E8A85932A3DEA3A00CFA204 /* Build configuration list for PBXNativeTarget "NotificationOptions" */;
			buildPhases = (
				8E8A857B2A3DEA3800CFA204 /* Sources */,
				8E8A857C2A3DEA3800CFA204 /* Frameworks */,
				8E8A857D2A3DEA3800CFA204 /* Resources */,
				8E8A85AD2A3DECC900CFA204 /* Embed Foundation Extensions */,
			);
			buildRules = (
			);
			dependencies = (
				8E8A85A82A3DECC900CFA204 /* PBXTargetDependency */,
			);
			name = NotificationOptions;
			productName = NotificationOptions;
			productReference = 8E8A857F2A3DEA3800CFA204 /* NotificationOptions.app */;
			productType = "com.apple.product-type.application";
		};
		8E8A85992A3DECC900CFA204 /* NotificationContentAppExtension */ = {
			isa = PBXNativeTarget;
			buildConfigurationList = 8E8A85AA2A3DECC900CFA204 /* Build configuration list for PBXNativeTarget "NotificationContentAppExtension" */;
			buildPhases = (
				8E8A85962A3DECC900CFA204 /* Sources */,
				8E8A85972A3DECC900CFA204 /* Frameworks */,
				8E8A85982A3DECC900CFA204 /* Resources */,
			);
			buildRules = (
			);
			dependencies = (
			);
			name = NotificationContentAppExtension;
			productName = NotificationContentAppExtension;
			productReference = 8E8A859A2A3DECC900CFA204 /* NotificationContentAppExtension.appex */;
			productType = "com.apple.product-type.app-extension";
		};
/* End PBXNativeTarget section */

/* Begin PBXProject section */
		8E8A85772A3DEA3800CFA204 /* Project object */ = {
			isa = PBXProject;
			attributes = {
				BuildIndependentTargetsInParallel = 1;
				LastSwiftUpdateCheck = 1430;
				LastUpgradeCheck = 1430;
				TargetAttributes = {
					8E8A857E2A3DEA3800CFA204 = {
						CreatedOnToolsVersion = 14.3;
					};
					8E8A85992A3DECC900CFA204 = {
						CreatedOnToolsVersion = 14.3;
					};
				};
			};
			buildConfigurationList = 8E8A857A2A3DEA3800CFA204 /* Build configuration list for PBXProject "NotificationOptions" */;
			compatibilityVersion = "Xcode 14.0";
			developmentRegion = en;
			hasScannedForEncodings = 0;
			knownRegions = (
				en,
				Base,
			);
			mainGroup = 8E8A85762A3DEA3800CFA204;
			productRefGroup = 8E8A85802A3DEA3800CFA204 /* Products */;
			projectDirPath = "";
			projectRoot = "";
			targets = (
				8E8A857E2A3DEA3800CFA204 /* NotificationOptions */,
				8E8A85992A3DECC900CFA204 /* NotificationContentAppExtension */,
			);
		};
/* End PBXProject section */

/* Begin PBXResourcesBuildPhase section */
		8E8A857D2A3DEA3800CFA204 /* Resources */ = {
			isa = PBXResourcesBuildPhase;
			buildActionMask = 2147483647;
			files = (
				8E8A858F2A3DEA3A00CFA204 /* LaunchScreen.storyboard in Resources */,
				8E8A858C2A3DEA3A00CFA204 /* Assets.xcassets in Resources */,
				8E8A858A2A3DEA3800CFA204 /* Main.storyboard in Resources */,
			);
			runOnlyForDeploymentPostprocessing = 0;
		};
		8E8A85982A3DECC900CFA204 /* Resources */ = {
			isa = PBXResourcesBuildPhase;
			buildActionMask = 2147483647;
			files = (
				8E8A85A52A3DECC900CFA204 /* MainInterface.storyboard in Resources */,
			);
			runOnlyForDeploymentPostprocessing = 0;
		};
/* End PBXResourcesBuildPhase section */

/* Begin PBXSourcesBuildPhase section */
		8E8A857B2A3DEA3800CFA204 /* Sources */ = {
			isa = PBXSourcesBuildPhase;
			buildActionMask = 2147483647;
			files = (
				8E8A85872A3DEA3800CFA204 /* ViewController.swift in Sources */,
				8E8A85832A3DEA3800CFA204 /* AppDelegate.swift in Sources */,
				8E8A85852A3DEA3800CFA204 /* SceneDelegate.swift in Sources */,
			);
			runOnlyForDeploymentPostprocessing = 0;
		};
		8E8A85962A3DECC900CFA204 /* Sources */ = {
			isa = PBXSourcesBuildPhase;
			buildActionMask = 2147483647;
			files = (
				8E8A85A22A3DECC900CFA204 /* NotificationViewController.swift in Sources */,
			);
			runOnlyForDeploymentPostprocessing = 0;
		};
/* End PBXSourcesBuildPhase section */

/* Begin PBXTargetDependency section */
		8E8A85A82A3DECC900CFA204 /* PBXTargetDependency */ = {
			isa = PBXTargetDependency;
			target = 8E8A85992A3DECC900CFA204 /* NotificationContentAppExtension */;
			targetProxy = 8E8A85A72A3DECC900CFA204 /* PBXContainerItemProxy */;
		};
/* End PBXTargetDependency section */

/* Begin PBXVariantGroup section */
		8E8A85882A3DEA3800CFA204 /* Main.storyboard */ = {
			isa = PBXVariantGroup;
			children = (
				8E8A85892A3DEA3800CFA204 /* Base */,
			);
			name = Main.storyboard;
			sourceTree = "<group>";
		};
		8E8A858D2A3DEA3A00CFA204 /* LaunchScreen.storyboard */ = {
			isa = PBXVariantGroup;
			children = (
				8E8A858E2A3DEA3A00CFA204 /* Base */,
			);
			name = LaunchScreen.storyboard;
			sourceTree = "<group>";
		};
		8E8A85A32A3DECC900CFA204 /* MainInterface.storyboard */ = {
			isa = PBXVariantGroup;
			children = (
				8E8A85A42A3DECC900CFA204 /* Base */,
			);
			name = MainInterface.storyboard;
			sourceTree = "<group>";
		};
/* End PBXVariantGroup section */

/* Begin XCBuildConfiguration section */
		8E8A85912A3DEA3A00CFA204 /* Debug */ = {
			isa = XCBuildConfiguration;
			buildSettings = {
				ALWAYS_SEARCH_USER_PATHS = NO;
				CLANG_ANALYZER_NONNULL = YES;
				CLANG_ANALYZER_NUMBER_OBJECT_CONVERSION = YES_AGGRESSIVE;
				CLANG_CXX_LANGUAGE_STANDARD = "gnu++20";
				CLANG_ENABLE_MODULES = YES;
				CLANG_ENABLE_OBJC_ARC = YES;
				CLANG_ENABLE_OBJC_WEAK = YES;
				CLANG_WARN_BLOCK_CAPTURE_AUTORELEASING = YES;
				CLANG_WARN_BOOL_CONVERSION = YES;
				CLANG_WARN_COMMA = YES;
				CLANG_WARN_CONSTANT_CONVERSION = YES;
				CLANG_WARN_DEPRECATED_OBJC_IMPLEMENTATIONS = YES;
				CLANG_WARN_DIRECT_OBJC_ISA_USAGE = YES_ERROR;
				CLANG_WARN_DOCUMENTATION_COMMENTS = YES;
				CLANG_WARN_EMPTY_BODY = YES;
				CLANG_WARN_ENUM_CONVERSION = YES;
				CLANG_WARN_INFINITE_RECURSION = YES;
				CLANG_WARN_INT_CONVERSION = YES;
				CLANG_WARN_NON_LITERAL_NULL_CONVERSION = YES;
				CLANG_WARN_OBJC_IMPLICIT_RETAIN_SELF = YES;
				CLANG_WARN_OBJC_LITERAL_CONVERSION = YES;
				CLANG_WARN_OBJC_ROOT_CLASS = YES_ERROR;
				CLANG_WARN_QUOTED_INCLUDE_IN_FRAMEWORK_HEADER = YES;
				CLANG_WARN_RANGE_LOOP_ANALYSIS = YES;
				CLANG_WARN_STRICT_PROTOTYPES = YES;
				CLANG_WARN_SUSPICIOUS_MOVE = YES;
				CLANG_WARN_UNGUARDED_AVAILABILITY = YES_AGGRESSIVE;
				CLANG_WARN_UNREACHABLE_CODE = YES;
				CLANG_WARN__DUPLICATE_METHOD_MATCH = YES;
				COPY_PHASE_STRIP = NO;
				DEBUG_INFORMATION_FORMAT = dwarf;
				ENABLE_STRICT_OBJC_MSGSEND = YES;
				ENABLE_TESTABILITY = YES;
				GCC_C_LANGUAGE_STANDARD = gnu11;
				GCC_DYNAMIC_NO_PIC = NO;
				GCC_NO_COMMON_BLOCKS = YES;
				GCC_OPTIMIZATION_LEVEL = 0;
				GCC_PREPROCESSOR_DEFINITIONS = (
					"DEBUG=1",
					"$(inherited)",
				);
				GCC_WARN_64_TO_32_BIT_CONVERSION = YES;
				GCC_WARN_ABOUT_RETURN_TYPE = YES_ERROR;
				GCC_WARN_UNDECLARED_SELECTOR = YES;
				GCC_WARN_UNINITIALIZED_AUTOS = YES_AGGRESSIVE;
				GCC_WARN_UNUSED_FUNCTION = YES;
				GCC_WARN_UNUSED_VARIABLE = YES;
				IPHONEOS_DEPLOYMENT_TARGET = 16.4;
				MTL_ENABLE_DEBUG_INFO = INCLUDE_SOURCE;
				MTL_FAST_MATH = YES;
				ONLY_ACTIVE_ARCH = YES;
				SDKROOT = iphoneos;
				SWIFT_ACTIVE_COMPILATION_CONDITIONS = DEBUG;
				SWIFT_OPTIMIZATION_LEVEL = "-Onone";
			};
			name = Debug;
		};
		8E8A85922A3DEA3A00CFA204 /* Release */ = {
			isa = XCBuildConfiguration;
			buildSettings = {
				ALWAYS_SEARCH_USER_PATHS = NO;
				CLANG_ANALYZER_NONNULL = YES;
				CLANG_ANALYZER_NUMBER_OBJECT_CONVERSION = YES_AGGRESSIVE;
				CLANG_CXX_LANGUAGE_STANDARD = "gnu++20";
				CLANG_ENABLE_MODULES = YES;
				CLANG_ENABLE_OBJC_ARC = YES;
				CLANG_ENABLE_OBJC_WEAK = YES;
				CLANG_WARN_BLOCK_CAPTURE_AUTORELEASING = YES;
				CLANG_WARN_BOOL_CONVERSION = YES;
				CLANG_WARN_COMMA = YES;
				CLANG_WARN_CONSTANT_CONVERSION = YES;
				CLANG_WARN_DEPRECATED_OBJC_IMPLEMENTATIONS = YES;
				CLANG_WARN_DIRECT_OBJC_ISA_USAGE = YES_ERROR;
				CLANG_WARN_DOCUMENTATION_COMMENTS = YES;
				CLANG_WARN_EMPTY_BODY = YES;
				CLANG_WARN_ENUM_CONVERSION = YES;
				CLANG_WARN_INFINITE_RECURSION = YES;
				CLANG_WARN_INT_CONVERSION = YES;
				CLANG_WARN_NON_LITERAL_NULL_CONVERSION = YES;
				CLANG_WARN_OBJC_IMPLICIT_RETAIN_SELF = YES;
				CLANG_WARN_OBJC_LITERAL_CONVERSION = YES;
				CLANG_WARN_OBJC_ROOT_CLASS = YES_ERROR;
				CLANG_WARN_QUOTED_INCLUDE_IN_FRAMEWORK_HEADER = YES;
				CLANG_WARN_RANGE_LOOP_ANALYSIS = YES;
				CLANG_WARN_STRICT_PROTOTYPES = YES;
				CLANG_WARN_SUSPICIOUS_MOVE = YES;
				CLANG_WARN_UNGUARDED_AVAILABILITY = YES_AGGRESSIVE;
				CLANG_WARN_UNREACHABLE_CODE = YES;
				CLANG_WARN__DUPLICATE_METHOD_MATCH = YES;
				COPY_PHASE_STRIP = NO;
				DEBUG_INFORMATION_FORMAT = "dwarf-with-dsym";
				ENABLE_NS_ASSERTIONS = NO;
				ENABLE_STRICT_OBJC_MSGSEND = YES;
				GCC_C_LANGUAGE_STANDARD = gnu11;
				GCC_NO_COMMON_BLOCKS = YES;
				GCC_WARN_64_TO_32_BIT_CONVERSION = YES;
				GCC_WARN_ABOUT_RETURN_TYPE = YES_ERROR;
				GCC_WARN_UNDECLARED_SELECTOR = YES;
				GCC_WARN_UNINITIALIZED_AUTOS = YES_AGGRESSIVE;
				GCC_WARN_UNUSED_FUNCTION = YES;
				GCC_WARN_UNUSED_VARIABLE = YES;
				IPHONEOS_DEPLOYMENT_TARGET = 16.4;
				MTL_ENABLE_DEBUG_INFO = NO;
				MTL_FAST_MATH = YES;
				SDKROOT = iphoneos;
				SWIFT_COMPILATION_MODE = wholemodule;
				SWIFT_OPTIMIZATION_LEVEL = "-O";
				VALIDATE_PRODUCT = YES;
			};
			name = Release;
		};
		8E8A85942A3DEA3A00CFA204 /* Debug */ = {
			isa = XCBuildConfiguration;
			buildSettings = {
				ALWAYS_EMBED_SWIFT_STANDARD_LIBRARIES = YES;
				ASSETCATALOG_COMPILER_APPICON_NAME = AppIcon;
				ASSETCATALOG_COMPILER_GLOBAL_ACCENT_COLOR_NAME = AccentColor;
				CODE_SIGN_STYLE = Automatic;
				CURRENT_PROJECT_VERSION = 1;
				DEVELOPMENT_TEAM = 5L6T5E85XQ;
				GENERATE_INFOPLIST_FILE = YES;
				INFOPLIST_FILE = NotificationOptions/Info.plist;
				INFOPLIST_KEY_UIApplicationSupportsIndirectInputEvents = YES;
				INFOPLIST_KEY_UILaunchStoryboardName = LaunchScreen;
				INFOPLIST_KEY_UIMainStoryboardFile = Main;
				INFOPLIST_KEY_UISupportedInterfaceOrientations_iPad = "UIInterfaceOrientationPortrait UIInterfaceOrientationPortraitUpsideDown UIInterfaceOrientationLandscapeLeft UIInterfaceOrientationLandscapeRight";
				INFOPLIST_KEY_UISupportedInterfaceOrientations_iPhone = "UIInterfaceOrientationPortrait UIInterfaceOrientationLandscapeLeft UIInterfaceOrientationLandscapeRight";
				LD_RUNPATH_SEARCH_PATHS = (
					"$(inherited)",
					"@executable_path/Frameworks",
				);
				MARKETING_VERSION = 1.0;
				PRODUCT_BUNDLE_IDENTIFIER = com.com.sudeb.NotificationOptions;
				PRODUCT_NAME = "$(TARGET_NAME)";
				SWIFT_EMIT_LOC_STRINGS = YES;
				SWIFT_VERSION = 5.0;
				TARGETED_DEVICE_FAMILY = "1,2";
			};
			name = Debug;
		};
		8E8A85952A3DEA3A00CFA204 /* Release */ = {
			isa = XCBuildConfiguration;
			buildSettings = {
				ALWAYS_EMBED_SWIFT_STANDARD_LIBRARIES = YES;
				ASSETCATALOG_COMPILER_APPICON_NAME = AppIcon;
				ASSETCATALOG_COMPILER_GLOBAL_ACCENT_COLOR_NAME = AccentColor;
				CODE_SIGN_STYLE = Automatic;
				CURRENT_PROJECT_VERSION = 1;
				DEVELOPMENT_TEAM = 5L6T5E85XQ;
				GENERATE_INFOPLIST_FILE = YES;
				INFOPLIST_FILE = NotificationOptions/Info.plist;
				INFOPLIST_KEY_UIApplicationSupportsIndirectInputEvents = YES;
				INFOPLIST_KEY_UILaunchStoryboardName = LaunchScreen;
				INFOPLIST_KEY_UIMainStoryboardFile = Main;
				INFOPLIST_KEY_UISupportedInterfaceOrientations_iPad = "UIInterfaceOrientationPortrait UIInterfaceOrientationPortraitUpsideDown UIInterfaceOrientationLandscapeLeft UIInterfaceOrientationLandscapeRight";
				INFOPLIST_KEY_UISupportedInterfaceOrientations_iPhone = "UIInterfaceOrientationPortrait UIInterfaceOrientationLandscapeLeft UIInterfaceOrientationLandscapeRight";
				LD_RUNPATH_SEARCH_PATHS = (
					"$(inherited)",
					"@executable_path/Frameworks",
				);
				MARKETING_VERSION = 1.0;
				PRODUCT_BUNDLE_IDENTIFIER = com.com.sudeb.NotificationOptions;
				PRODUCT_NAME = "$(TARGET_NAME)";
				SWIFT_EMIT_LOC_STRINGS = YES;
				SWIFT_VERSION = 5.0;
				TARGETED_DEVICE_FAMILY = "1,2";
			};
			name = Release;
		};
		8E8A85AB2A3DECC900CFA204 /* Debug */ = {
			isa = XCBuildConfiguration;
			buildSettings = {
				CODE_SIGN_STYLE = Automatic;
				CURRENT_PROJECT_VERSION = 1;
				DEVELOPMENT_TEAM = 5L6T5E85XQ;
				GENERATE_INFOPLIST_FILE = YES;
				INFOPLIST_FILE = NotificationContentAppExtension/Info.plist;
				INFOPLIST_KEY_CFBundleDisplayName = NotificationContentAppExtension;
				INFOPLIST_KEY_NSHumanReadableCopyright = "";
				LD_RUNPATH_SEARCH_PATHS = (
					"$(inherited)",
					"@executable_path/Frameworks",
					"@executable_path/../../Frameworks",
				);
				MARKETING_VERSION = 1.0;
				PRODUCT_BUNDLE_IDENTIFIER = com.com.sudeb.NotificationOptions.NotificationContentAppExtension;
				PRODUCT_NAME = "$(TARGET_NAME)";
				SKIP_INSTALL = YES;
				SWIFT_EMIT_LOC_STRINGS = YES;
				SWIFT_VERSION = 5.0;
				TARGETED_DEVICE_FAMILY = "1,2";
			};
			name = Debug;
		};
		8E8A85AC2A3DECC900CFA204 /* Release */ = {
			isa = XCBuildConfiguration;
			buildSettings = {
				CODE_SIGN_STYLE = Automatic;
				CURRENT_PROJECT_VERSION = 1;
				DEVELOPMENT_TEAM = 5L6T5E85XQ;
				GENERATE_INFOPLIST_FILE = YES;
				INFOPLIST_FILE = NotificationContentAppExtension/Info.plist;
				INFOPLIST_KEY_CFBundleDisplayName = NotificationContentAppExtension;
				INFOPLIST_KEY_NSHumanReadableCopyright = "";
				LD_RUNPATH_SEARCH_PATHS = (
					"$(inherited)",
					"@executable_path/Frameworks",
					"@executable_path/../../Frameworks",
				);
				MARKETING_VERSION = 1.0;
				PRODUCT_BUNDLE_IDENTIFIER = com.com.sudeb.NotificationOptions.NotificationContentAppExtension;
				PRODUCT_NAME = "$(TARGET_NAME)";
				SKIP_INSTALL = YES;
				SWIFT_EMIT_LOC_STRINGS = YES;
				SWIFT_VERSION = 5.0;
				TARGETED_DEVICE_FAMILY = "1,2";
			};
			name = Release;
		};
/* End XCBuildConfiguration section */

/* Begin XCConfigurationList section */
		8E8A857A2A3DEA3800CFA204 /* Build configuration list for PBXProject "NotificationOptions" */ = {
			isa = XCConfigurationList;
			buildConfigurations = (
				8E8A85912A3DEA3A00CFA204 /* Debug */,
				8E8A85922A3DEA3A00CFA204 /* Release */,
			);
			defaultConfigurationIsVisible = 0;
			defaultConfigurationName = Release;
		};
		8E8A85932A3DEA3A00CFA204 /* Build configuration list for PBXNativeTarget "NotificationOptions" */ = {
			isa = XCConfigurationList;
			buildConfigurations = (
				8E8A85942A3DEA3A00CFA204 /* Debug */,
				8E8A85952A3DEA3A00CFA204 /* Release */,
			);
			defaultConfigurationIsVisible = 0;
			defaultConfigurationName = Release;
		};
		8E8A85AA2A3DECC900CFA204 /* Build configuration list for PBXNativeTarget "NotificationContentAppExtension" */ = {
			isa = XCConfigurationList;
			buildConfigurations = (
				8E8A85AB2A3DECC900CFA204 /* Debug */,
				8E8A85AC2A3DECC900CFA204 /* Release */,
			);
			defaultConfigurationIsVisible = 0;
			defaultConfigurationName = Release;
		};
/* End XCConfigurationList section */
	};
	rootObject = 8E8A85772A3DEA3800CFA204 /* Project object */;
}
